github.com/andrejacobs/go-collection v0.0.0-20240305195358-f3d2e307521f h1:fD5YpmjKSbs23T6QgcLWg40RCZb/S+eeazGucVd6hDI=
github.com/andrejacobs/go-collection v0.0.0-20240305195358-f3d2e307521f/go.mod h1:vtOlyHiSY6suBtC/sizxh802WoOuL1UC+W0KgHdK4Xw=
github.com/andrejacobs/go-collection v0.0.0-20240305202813-dae7904d35c0 h1:HJjwAEwJyY3Y+ypNSe8RrFKkVbLmtQMUlitFYnQ9KNA=
github.com/andrejacobs/go-collection v0.0.0-20240305202813-dae7904d35c0/go.mod h1:vtOlyHiSY6suBtC/sizxh802WoOuL1UC+W0KgHdK4Xw=
github.com/andrejacobs/go-collection v0.0.0-20240306223129-c1c6720d6f91 h1:oT3B0yfzamMREKj65zILWRBIJqAtK/ASCzznEp6Z1h4=
github.com/andrejacobs/go-collection v0.0.0-20240306223129-c1c6720d6f91/go.mod h1:vtOlyHiSY6suBtC/sizxh802WoOuL1UC+W0KgHdK4Xw=
github.com/davecgh/go-spew v1.1.1 h1:vj9j/u1bqnvCEfJOwUhtlOARqs3+rkHYY13jYWTU97c=
github.com/davecgh/go-spew v1.1.1/go.mod h1:J7Y8YcW2NihsgmVo/mv3lAwl/skON4iLHjSsI+c5H38=
github.com/google/go-cmp v0.6.0 h1:ofyhxvXcZhMsU5ulbFiLKl/XBFqE1GSq7atu8tAmTRI=
github.com/google/go-cmp v0.6.0/go.mod h1:17dUlkBOakJ0+DkrSSNjCkIjxS6bF9zb3elmeNGIjoY=
github.com/pmezard/go-difflib v1.0.0 h1:4DBwDE0NGyQoBHbLQYPwSUPoCMWR5BEzIk/f1lZbAQM=
github.com/pmezard/go-difflib v1.0.0/go.mod h1:iKH77koFhYxTK1pcRnkKkqfTogsbg7gZNVY4sRDYZ/4=
github.com/stretchr/testify v1.9.0 h1:HtqpIVDClZ4nwg75+f6Lvsy/wHu+3BoSGCbBAcpTsTg=
github.com/stretchr/testify v1.9.0/go.mod h1:r2ic/lqez/lEtzL7wO/rwa5dbSLXVDPFyf8C91i36aY=
golang.org/x/exp v0.0.0-20240222234643-814bf88cf225 h1:LfspQV/FYTatPTr/3HzIcmiUFH7PGP+OQ6mgDYo3yuQ=
golang.org/x/exp v0.0.0-20240222234643-814bf88cf225/go.mod h1:CxmFvTBINI24O/j8iY7H1xHzx2i4OsyguNBmN/uPtqc=
gopkg.in/check.v1 v0.0.0-20161208181325-20d25e280405 h1:yhCVgyC4o1eVCa2tZl7eS0r+SDo693bJlVdllGtEeKM=
gopkg.in/check.v1 v0.0.0-20161208181325-20d25e280405/go.mod h1:Co6ibVJAznAaIkqp8huTwlJQCZ016jof/cbN4VW5Yz0=
gopkg.in/yaml.v3 v3.0.1 h1:fxVm/GzAzEWqLHuvctI91KS9hhNmmWOoWu0XTYJS7CA=
gopkg.in/yaml.v3 v3.0.1/go.mod h1:K4uyk7z7BCEPqu6E+C64Yfv1cQ7kz7rIZviUmN+EgEM=
